
Microsoft Visual Studio Solution File, Format Version 12.00
# Visual Studio Version 16
VisualStudioVersion = 16.0.28803.156
MinimumVisualStudioVersion = 10.0.40219.1
Project("{2150E333-8FDC-42A3-9474-1A3956D46DE8}") = "src", "src", "{F26B3520-4DB8-43BC-A723-6CC6DC33D94C}"
EndProject
Project("{2150E333-8FDC-42A3-9474-1A3956D46DE8}") = "test", "test", "{260F93CF-D9CF-4E64-A104-FDD29C042CE2}"
EndProject
Project("{9A19103F-16F7-4668-BE54-9A1E7A4F7556}") = "Patcha.Coins", "Backend\Patcha.Coins\Patcha.Coins.csproj", "{0CD798EC-9470-4327-BAA3-AB02CF3B1DDA}"
EndProject
Project("{9A19103F-16F7-4668-BE54-9A1E7A4F7556}") = "Patcha.InvestmentWallet.Domain", "Backend\Patcha.InvestmentWallet.Domain\Patcha.InvestmentWallet.Domain.csproj", "{060EECD4-8579-421C-AAF6-DD7C798A6169}"
EndProject
Project("{9A19103F-16F7-4668-BE54-9A1E7A4F7556}") = "Patcha.InvestmentWallet.Data", "Backend\Patcha.InvestmentWallet.Data\Patcha.InvestmentWallet.Data.csproj", "{EC8A6BA9-44D7-4F57-9890-762C211D8706}"
EndProject
Project("{9A19103F-16F7-4668-BE54-9A1E7A4F7556}") = "Patcha.Security", "Backend\Patcha.Security\Patcha.Security.csproj", "{DEDF55A3-76E0-4546-9F03-358B3A1492C0}"
EndProject
Project("{9A19103F-16F7-4668-BE54-9A1E7A4F7556}") = "Patcha.InvestmentWallet.Api", "Backend\Patcha.InvestmentWallet.Api\Patcha.InvestmentWallet.Api.csproj", "{CF529668-CD6B-4F66-8477-E23923991A9B}"
EndProject
Project("{9A19103F-16F7-4668-BE54-9A1E7A4F7556}") = "Patcha.InvestmentWallet.Api.UnitTest", "Backend\Patcha.InvestmentWallet.Api.UnitTest\Patcha.InvestmentWallet.Api.UnitTest.csproj", "{17462A28-FB24-47CC-BDDA-17AC0CFA175D}"
EndProject
Global
	GlobalSection(SolutionConfigurationPlatforms) = preSolution
		Debug|Any CPU = Debug|Any CPU
		Release|Any CPU = Release|Any CPU
	EndGlobalSection
	GlobalSection(ProjectConfigurationPlatforms) = postSolution
		{0CD798EC-9470-4327-BAA3-AB02CF3B1DDA}.Debug|Any CPU.ActiveCfg = Debug|Any CPU
		{0CD798EC-9470-4327-BAA3-AB02CF3B1DDA}.Debug|Any CPU.Build.0 = Debug|Any CPU
		{0CD798EC-9470-4327-BAA3-AB02CF3B1DDA}.Release|Any CPU.ActiveCfg = Release|Any CPU
		{0CD798EC-9470-4327-BAA3-AB02CF3B1DDA}.Release|Any CPU.Build.0 = Release|Any CPU
		{060EECD4-8579-421C-AAF6-DD7C798A6169}.Debug|Any CPU.ActiveCfg = Debug|Any CPU
		{060EECD4-8579-421C-AAF6-DD7C798A6169}.Debug|Any CPU.Build.0 = Debug|Any CPU
		{060EECD4-8579-421C-AAF6-DD7C798A6169}.Release|Any CPU.ActiveCfg = Release|Any CPU
		{060EECD4-8579-421C-AAF6-DD7C798A6169}.Release|Any CPU.Build.0 = Release|Any CPU
		{EC8A6BA9-44D7-4F57-9890-762C211D8706}.Debug|Any CPU.ActiveCfg = Debug|Any CPU
		{EC8A6BA9-44D7-4F57-9890-762C211D8706}.Debug|Any CPU.Build.0 = Debug|Any CPU
		{EC8A6BA9-44D7-4F57-9890-762C211D8706}.Release|Any CPU.ActiveCfg = Release|Any CPU
		{EC8A6BA9-44D7-4F57-9890-762C211D8706}.Release|Any CPU.Build.0 = Release|Any CPU
		{DEDF55A3-76E0-4546-9F03-358B3A1492C0}.Debug|Any CPU.ActiveCfg = Debug|Any CPU
		{DEDF55A3-76E0-4546-9F03-358B3A1492C0}.Debug|Any CPU.Build.0 = Debug|Any CPU
		{DEDF55A3-76E0-4546-9F03-358B3A1492C0}.Release|Any CPU.ActiveCfg = Release|Any CPU
		{DEDF55A3-76E0-4546-9F03-358B3A1492C0}.Release|Any CPU.Build.0 = Release|Any CPU
		{CF529668-CD6B-4F66-8477-E23923991A9B}.Debug|Any CPU.ActiveCfg = Debug|Any CPU
		{CF529668-CD6B-4F66-8477-E23923991A9B}.Debug|Any CPU.Build.0 = Debug|Any CPU
		{CF529668-CD6B-4F66-8477-E23923991A9B}.Release|Any CPU.ActiveCfg = Release|Any CPU
		{CF529668-CD6B-4F66-8477-E23923991A9B}.Release|Any CPU.Build.0 = Release|Any CPU
		{17462A28-FB24-47CC-BDDA-17AC0CFA175D}.Debug|Any CPU.ActiveCfg = Debug|Any CPU
		{17462A28-FB24-47CC-BDDA-17AC0CFA175D}.Debug|Any CPU.Build.0 = Debug|Any CPU
		{17462A28-FB24-47CC-BDDA-17AC0CFA175D}.Release|Any CPU.ActiveCfg = Release|Any CPU
		{17462A28-FB24-47CC-BDDA-17AC0CFA175D}.Release|Any CPU.Build.0 = Release|Any CPU
	EndGlobalSection
	GlobalSection(SolutionProperties) = preSolution
		HideSolutionNode = FALSE
	EndGlobalSection
	GlobalSection(NestedProjects) = preSolution
		{0CD798EC-9470-4327-BAA3-AB02CF3B1DDA} = {F26B3520-4DB8-43BC-A723-6CC6DC33D94C}
		{060EECD4-8579-421C-AAF6-DD7C798A6169} = {F26B3520-4DB8-43BC-A723-6CC6DC33D94C}
		{EC8A6BA9-44D7-4F57-9890-762C211D8706} = {F26B3520-4DB8-43BC-A723-6CC6DC33D94C}
		{DEDF55A3-76E0-4546-9F03-358B3A1492C0} = {F26B3520-4DB8-43BC-A723-6CC6DC33D94C}
		{CF529668-CD6B-4F66-8477-E23923991A9B} = {F26B3520-4DB8-43BC-A723-6CC6DC33D94C}
		{17462A28-FB24-47CC-BDDA-17AC0CFA175D} = {260F93CF-D9CF-4E64-A104-FDD29C042CE2}
	EndGlobalSection
	GlobalSection(ExtensibilityGlobals) = postSolution
		SolutionGuid = {19374B53-F514-4FCE-9B84-35A2CF75BA45}
	EndGlobalSection
EndGlobal
