
Microsoft Visual Studio Solution File, Format Version 12.00
# Visual Studio 15
VisualStudioVersion = 15.0.28307.136
MinimumVisualStudioVersion = 10.0.40219.1
Project("{FAE04EC0-301F-11D3-BF4B-00C04F79EFBC}") = "Patcha.InvestmentWallet.Api", "Patcha.InvestmentWallet.Api\Patcha.InvestmentWallet.Api.csproj", "{38858893-B8F3-4656-B4BA-5779C5648DB9}"
EndProject
Global
	GlobalSection(SolutionConfigurationPlatforms) = preSolution
		Debug|Any CPU = Debug|Any CPU
		Release|Any CPU = Release|Any CPU
	EndGlobalSection
	GlobalSection(ProjectConfigurationPlatforms) = postSolution
		{38858893-B8F3-4656-B4BA-5779C5648DB9}.Debug|Any CPU.ActiveCfg = Debug|Any CPU
		{38858893-B8F3-4656-B4BA-5779C5648DB9}.Debug|Any CPU.Build.0 = Debug|Any CPU
		{38858893-B8F3-4656-B4BA-5779C5648DB9}.Release|Any CPU.ActiveCfg = Release|Any CPU
		{38858893-B8F3-4656-B4BA-5779C5648DB9}.Release|Any CPU.Build.0 = Release|Any CPU
	EndGlobalSection
	GlobalSection(SolutionProperties) = preSolution
		HideSolutionNode = FALSE
	EndGlobalSection
	GlobalSection(ExtensibilityGlobals) = postSolution
		SolutionGuid = {19374B53-F514-4FCE-9B84-35A2CF75BA45}
	EndGlobalSection
EndGlobal
